
Microsoft Visual Studio Solution File, Format Version 12.00
# Visual Studio Version 17
VisualStudioVersion = 17.1.32328.378
MinimumVisualStudioVersion = 10.0.40219.1
Project("{FAE04EC0-301F-11D3-BF4B-00C04F79EFBC}") = "CRUD_Design", "CRUD_Design\CRUD_Design.csproj", "{68DFAC71-9970-4391-B9B1-224E140009E5}"
EndProject
Global
	GlobalSection(SolutionConfigurationPlatforms) = preSolution
		Debug|Any CPU = Debug|Any CPU
		Release|Any CPU = Release|Any CPU
	EndGlobalSection
	GlobalSection(ProjectConfigurationPlatforms) = postSolution
		{68DFAC71-9970-4391-B9B1-224E140009E5}.Debug|Any CPU.ActiveCfg = Debug|Any CPU
		{68DFAC71-9970-4391-B9B1-224E140009E5}.Debug|Any CPU.Build.0 = Debug|Any CPU
		{68DFAC71-9970-4391-B9B1-224E140009E5}.Release|Any CPU.ActiveCfg = Release|Any CPU
		{68DFAC71-9970-4391-B9B1-224E140009E5}.Release|Any CPU.Build.0 = Release|Any CPU
	EndGlobalSection
	GlobalSection(SolutionProperties) = preSolution
		HideSolutionNode = FALSE
	EndGlobalSection
	GlobalSection(ExtensibilityGlobals) = postSolution
		SolutionGuid = {7FCCBE9C-B86B-4602-BE81-AFA9FB540DC1}
	EndGlobalSection
EndGlobal
